
Microsoft Visual Studio Solution File, Format Version 12.00
# Visual Studio Version 16
VisualStudioVersion = 16.0.31515.178
MinimumVisualStudioVersion = 10.0.40219.1
Project("{FAE04EC0-301F-11D3-BF4B-00C04F79EFBC}") = "CodeChallenge.API", "CodeChallenge.API\CodeChallenge.API.csproj", "{0E064B18-2812-42B1-AD0D-A861130E2304}"
EndProject
Global
	GlobalSection(SolutionConfigurationPlatforms) = preSolution
		Debug|Any CPU = Debug|Any CPU
		Release|Any CPU = Release|Any CPU
	EndGlobalSection
	GlobalSection(ProjectConfigurationPlatforms) = postSolution
		{0E064B18-2812-42B1-AD0D-A861130E2304}.Debug|Any CPU.ActiveCfg = Debug|Any CPU
		{0E064B18-2812-42B1-AD0D-A861130E2304}.Debug|Any CPU.Build.0 = Debug|Any CPU
		{0E064B18-2812-42B1-AD0D-A861130E2304}.Release|Any CPU.ActiveCfg = Release|Any CPU
		{0E064B18-2812-42B1-AD0D-A861130E2304}.Release|Any CPU.Build.0 = Release|Any CPU
	EndGlobalSection
	GlobalSection(SolutionProperties) = preSolution
		HideSolutionNode = FALSE
	EndGlobalSection
	GlobalSection(ExtensibilityGlobals) = postSolution
		SolutionGuid = {0C2AD78A-A0F9-4029-B6AC-79531E1C5D8B}
	EndGlobalSection
EndGlobal
